// !$*UTF8*$!
{
	archiveVersion = 1;
	classes = {
	};
	objectVersion = 46;
	objects = {

/* Begin PBXBuildFile section */
		8F7A6F081D304730007DF6BC /* AppDelegate.swift in Sources */ = {isa = PBXBuildFile; fileRef = 8F7A6F071D304730007DF6BC /* AppDelegate.swift */; };
		8F7A6F0A1D304730007DF6BC /* ViewController.swift in Sources */ = {isa = PBXBuildFile; fileRef = 8F7A6F091D304730007DF6BC /* ViewController.swift */; };
		8F7A6F0D1D304730007DF6BC /* Main.storyboard in Resources */ = {isa = PBXBuildFile; fileRef = 8F7A6F0B1D304730007DF6BC /* Main.storyboard */; };
		8F7A6F0F1D304730007DF6BC /* Assets.xcassets in Resources */ = {isa = PBXBuildFile; fileRef = 8F7A6F0E1D304730007DF6BC /* Assets.xcassets */; };
		8F7A6F121D304730007DF6BC /* LaunchScreen.storyboard in Resources */ = {isa = PBXBuildFile; fileRef = 8F7A6F101D304730007DF6BC /* LaunchScreen.storyboard */; };
		8F7A6F1A1D30D9B3007DF6BC /* SettingsViewController.swift in Sources */ = {isa = PBXBuildFile; fileRef = 8F7A6F191D30D9B3007DF6BC /* SettingsViewController.swift */; };
/* End PBXBuildFile section */

/* Begin PBXFileReference section */
		8F7A6F041D304730007DF6BC /* mytips.app */ = {isa = PBXFileReference; explicitFileType = wrapper.application; includeInIndex = 0; path = mytips.app; sourceTree = BUILT_PRODUCTS_DIR; };
		8F7A6F071D304730007DF6BC /* AppDelegate.swift */ = {isa = PBXFileReference; lastKnownFileType = sourcecode.swift; path = AppDelegate.swift; sourceTree = "<group>"; };
		8F7A6F091D304730007DF6BC /* ViewController.swift */ = {isa = PBXFileReference; lastKnownFileType = sourcecode.swift; path = ViewController.swift; sourceTree = "<group>"; };
		8F7A6F0C1D304730007DF6BC /* Base */ = {isa = PBXFileReference; lastKnownFileType = file.storyboard; name = Base; path = Base.lproj/Main.storyboard; sourceTree = "<group>"; };
		8F7A6F0E1D304730007DF6BC /* Assets.xcassets */ = {isa = PBXFileReference; lastKnownFileType = folder.assetcatalog; path = Assets.xcassets; sourceTree = "<group>"; };
		8F7A6F111D304730007DF6BC /* Base */ = {isa = PBXFileReference; lastKnownFileType = file.storyboard; name = Base; path = Base.lproj/LaunchScreen.storyboard; sourceTree = "<group>"; };
		8F7A6F131D304730007DF6BC /* Info.plist */ = {isa = PBXFileReference; lastKnownFileType = text.plist.xml; path = Info.plist; sourceTree = "<group>"; };
		8F7A6F191D30D9B3007DF6BC /* SettingsViewController.swift */ = {isa = PBXFileReference; fileEncoding = 4; lastKnownFileType = sourcecode.swift; path = SettingsViewController.swift; sourceTree = "<group>"; };
/* End PBXFileReference section */

/* Begin PBXFrameworksBuildPhase section */
		8F7A6F011D304730007DF6BC /* Frameworks */ = {
			isa = PBXFrameworksBuildPhase;
			buildActionMask = 2147483647;
			files = (
			);
			runOnlyForDeploymentPostprocessing = 0;
		};
/* End PBXFrameworksBuildPhase section */

/* Begin PBXGroup section */
		8F7A6EFB1D304730007DF6BC = {
			isa = PBXGroup;
			children = (
				8F7A6F061D304730007DF6BC /* mytips */,
				8F7A6F051D304730007DF6BC /* Products */,
			);
			sourceTree = "<group>";
		};
		8F7A6F051D304730007DF6BC /* Products */ = {
			isa = PBXGroup;
			children = (
				8F7A6F041D304730007DF6BC /* mytips.app */,
			);
			name = Products;
			sourceTree = "<group>";
		};
		8F7A6F061D304730007DF6BC /* mytips */ = {
			isa = PBXGroup;
			children = (
				8F7A6F071D304730007DF6BC /* AppDelegate.swift */,
				8F7A6F091D304730007DF6BC /* ViewController.swift */,
				8F7A6F0B1D304730007DF6BC /* Main.storyboard */,
				8F7A6F191D30D9B3007DF6BC /* SettingsViewController.swift */,
				8F7A6F0E1D304730007DF6BC /* Assets.xcassets */,
				8F7A6F101D304730007DF6BC /* LaunchScreen.storyboard */,
				8F7A6F131D304730007DF6BC /* Info.plist */,
			);
			path = mytips;
			sourceTree = "<group>";
		};
/* End PBXGroup section */

/* Begin PBXNativeTarget section */
		8F7A6F031D304730007DF6BC /* mytips */ = {
			isa = PBXNativeTarget;
			buildConfigurationList = 8F7A6F161D304730007DF6BC /* Build configuration list for PBXNativeTarget "mytips" */;
			buildPhases = (
				8F7A6F001D304730007DF6BC /* Sources */,
				8F7A6F011D304730007DF6BC /* Frameworks */,
				8F7A6F021D304730007DF6BC /* Resources */,
			);
			buildRules = (
			);
			dependencies = (
			);
			name = mytips;
			productName = mytips;
			productReference = 8F7A6F041D304730007DF6BC /* mytips.app */;
			productType = "com.apple.product-type.application";
		};
/* End PBXNativeTarget section */

/* Begin PBXProject section */
		8F7A6EFC1D304730007DF6BC /* Project object */ = {
			isa = PBXProject;
			attributes = {
				LastSwiftUpdateCheck = 0730;
				LastUpgradeCheck = 0730;
				ORGANIZATIONNAME = "Guru Vijayakumar";
				TargetAttributes = {
					8F7A6F031D304730007DF6BC = {
						CreatedOnToolsVersion = 7.3.1;
					};
				};
			};
			buildConfigurationList = 8F7A6EFF1D304730007DF6BC /* Build configuration list for PBXProject "mytips" */;
			compatibilityVersion = "Xcode 3.2";
			developmentRegion = English;
			hasScannedForEncodings = 0;
			knownRegions = (
				en,
				Base,
			);
			mainGroup = 8F7A6EFB1D304730007DF6BC;
			productRefGroup = 8F7A6F051D304730007DF6BC /* Products */;
			projectDirPath = "";
			projectRoot = "";
			targets = (
				8F7A6F031D304730007DF6BC /* mytips */,
			);
		};
/* End PBXProject section */

/* Begin PBXResourcesBuildPhase section */
		8F7A6F021D304730007DF6BC /* Resources */ = {
			isa = PBXResourcesBuildPhase;
			buildActionMask = 2147483647;
			files = (
				8F7A6F121D304730007DF6BC /* LaunchScreen.storyboard in Resources */,
				8F7A6F0F1D304730007DF6BC /* Assets.xcassets in Resources */,
				8F7A6F0D1D304730007DF6BC /* Main.storyboard in Resources */,
			);
			runOnlyForDeploymentPostprocessing = 0;
		};
/* End PBXResourcesBuildPhase section */

/* Begin PBXSourcesBuildPhase section */
		8F7A6F001D304730007DF6BC /* Sources */ = {
			isa = PBXSourcesBuildPhase;
			buildActionMask = 2147483647;
			files = (
				8F7A6F0A1D304730007DF6BC /* ViewController.swift in Sources */,
				8F7A6F081D304730007DF6BC /* AppDelegate.swift in Sources */,
				8F7A6F1A1D30D9B3007DF6BC /* SettingsViewController.swift in Sources */,
			);
			runOnlyForDeploymentPostprocessing = 0;
		};
/* End PBXSourcesBuildPhase section */

/* Begin PBXVariantGroup section */
		8F7A6F0B1D304730007DF6BC /* Main.storyboard */ = {
			isa = PBXVariantGroup;
			children = (
				8F7A6F0C1D304730007DF6BC /* Base */,
			);
			name = Main.storyboard;
			sourceTree = "<group>";
		};
		8F7A6F101D304730007DF6BC /* LaunchScreen.storyboard */ = {
			isa = PBXVariantGroup;
			children = (
				8F7A6F111D304730007DF6BC /* Base */,
			);
			name = LaunchScreen.storyboard;
			sourceTree = "<group>";
		};
/* End PBXVariantGroup section */

/* Begin XCBuildConfiguration section */
		8F7A6F141D304730007DF6BC /* Debug */ = {
			isa = XCBuildConfiguration;
			buildSettings = {
				ALWAYS_SEARCH_USER_PATHS = NO;
				CLANG_ANALYZER_NONNULL = YES;
				CLANG_CXX_LANGUAGE_STANDARD = "gnu++0x";
				CLANG_CXX_LIBRARY = "libc++";
				CLANG_ENABLE_MODULES = YES;
				CLANG_ENABLE_OBJC_ARC = YES;
				CLANG_WARN_BOOL_CONVERSION = YES;
				CLANG_WARN_CONSTANT_CONVERSION = YES;
				CLANG_WARN_DIRECT_OBJC_ISA_USAGE = YES_ERROR;
				CLANG_WARN_EMPTY_BODY = YES;
				CLANG_WARN_ENUM_CONVERSION = YES;
				CLANG_WARN_INT_CONVERSION = YES;
				CLANG_WARN_OBJC_ROOT_CLASS = YES_ERROR;
				CLANG_WARN_UNREACHABLE_CODE = YES;
				CLANG_WARN__DUPLICATE_METHOD_MATCH = YES;
				"CODE_SIGN_IDENTITY[sdk=iphoneos*]" = "iPhone Developer";
				COPY_PHASE_STRIP = NO;
				DEBUG_INFORMATION_FORMAT = dwarf;
				ENABLE_STRICT_OBJC_MSGSEND = YES;
				ENABLE_TESTABILITY = YES;
				GCC_C_LANGUAGE_STANDARD = gnu99;
				GCC_DYNAMIC_NO_PIC = NO;
				GCC_NO_COMMON_BLOCKS = YES;
				GCC_OPTIMIZATION_LEVEL = 0;
				GCC_PREPROCESSOR_DEFINITIONS = (
					"DEBUG=1",
					"$(inherited)",
				);
				GCC_WARN_64_TO_32_BIT_CONVERSION = YES;
				GCC_WARN_ABOUT_RETURN_TYPE = YES_ERROR;
				GCC_WARN_UNDECLARED_SELECTOR = YES;
				GCC_WARN_UNINITIALIZED_AUTOS = YES_AGGRESSIVE;
				GCC_WARN_UNUSED_FUNCTION = YES;
				GCC_WARN_UNUSED_VARIABLE = YES;
				IPHONEOS_DEPLOYMENT_TARGET = 9.3;
				MTL_ENABLE_DEBUG_INFO = YES;
				ONLY_ACTIVE_ARCH = YES;
				SDKROOT = iphoneos;
				SWIFT_OPTIMIZATION_LEVEL = "-Onone";
			};
			name = Debug;
		};
		8F7A6F151D304730007DF6BC /* Release */ = {
			isa = XCBuildConfiguration;
			buildSettings = {
				ALWAYS_SEARCH_USER_PATHS = NO;
				CLANG_ANALYZER_NONNULL = YES;
				CLANG_CXX_LANGUAGE_STANDARD = "gnu++0x";
				CLANG_CXX_LIBRARY = "libc++";
				CLANG_ENABLE_MODULES = YES;
				CLANG_ENABLE_OBJC_ARC = YES;
				CLANG_WARN_BOOL_CONVERSION = YES;
				CLANG_WARN_CONSTANT_CONVERSION = YES;
				CLANG_WARN_DIRECT_OBJC_ISA_USAGE = YES_ERROR;
				CLANG_WARN_EMPTY_BODY = YES;
				CLANG_WARN_ENUM_CONVERSION = YES;
				CLANG_WARN_INT_CONVERSION = YES;
				CLANG_WARN_OBJC_ROOT_CLASS = YES_ERROR;
				CLANG_WARN_UNREACHABLE_CODE = YES;
				CLANG_WARN__DUPLICATE_METHOD_MATCH = YES;
				"CODE_SIGN_IDENTITY[sdk=iphoneos*]" = "iPhone Developer";
				COPY_PHASE_STRIP = NO;
				DEBUG_INFORMATION_FORMAT = "dwarf-with-dsym";
				ENABLE_NS_ASSERTIONS = NO;
				ENABLE_STRICT_OBJC_MSGSEND = YES;
				GCC_C_LANGUAGE_STANDARD = gnu99;
				GCC_NO_COMMON_BLOCKS = YES;
				GCC_WARN_64_TO_32_BIT_CONVERSION = YES;
				GCC_WARN_ABOUT_RETURN_TYPE = YES_ERROR;
				GCC_WARN_UNDECLARED_SELECTOR = YES;
				GCC_WARN_UNINITIALIZED_AUTOS = YES_AGGRESSIVE;
				GCC_WARN_UNUSED_FUNCTION = YES;
				GCC_WARN_UNUSED_VARIABLE = YES;
				IPHONEOS_DEPLOYMENT_TARGET = 9.3;
				MTL_ENABLE_DEBUG_INFO = NO;
				SDKROOT = iphoneos;
				VALIDATE_PRODUCT = YES;
			};
			name = Release;
		};
		8F7A6F171D304730007DF6BC /* Debug */ = {
			isa = XCBuildConfiguration;
			buildSettings = {
				ASSETCATALOG_COMPILER_APPICON_NAME = AppIcon;
				INFOPLIST_FILE = mytips/Info.plist;
				IPHONEOS_DEPLOYMENT_TARGET = 7.0;
				LD_RUNPATH_SEARCH_PATHS = "$(inherited) @executable_path/Frameworks";
				PRODUCT_BUNDLE_IDENTIFIER = com.codepath.guru.mytips;
				PRODUCT_NAME = "$(TARGET_NAME)";
			};
			name = Debug;
		};
		8F7A6F181D304730007DF6BC /* Release */ = {
			isa = XCBuildConfiguration;
			buildSettings = {
				ASSETCATALOG_COMPILER_APPICON_NAME = AppIcon;
				INFOPLIST_FILE = mytips/Info.plist;
				IPHONEOS_DEPLOYMENT_TARGET = 7.0;
				LD_RUNPATH_SEARCH_PATHS = "$(inherited) @executable_path/Frameworks";
				PRODUCT_BUNDLE_IDENTIFIER = com.codepath.guru.mytips;
				PRODUCT_NAME = "$(TARGET_NAME)";
			};
			name = Release;
		};
/* End XCBuildConfiguration section */

/* Begin XCConfigurationList section */
		8F7A6EFF1D304730007DF6BC /* Build configuration list for PBXProject "mytips" */ = {
			isa = XCConfigurationList;
			buildConfigurations = (
				8F7A6F141D304730007DF6BC /* Debug */,
				8F7A6F151D304730007DF6BC /* Release */,
			);
			defaultConfigurationIsVisible = 0;
			defaultConfigurationName = Release;
		};
		8F7A6F161D304730007DF6BC /* Build configuration list for PBXNativeTarget "mytips" */ = {
			isa = XCConfigurationList;
			buildConfigurations = (
				8F7A6F171D304730007DF6BC /* Debug */,
				8F7A6F181D304730007DF6BC /* Release */,
			);
			defaultConfigurationIsVisible = 0;
		};
/* End XCConfigurationList section */
	};
	rootObject = 8F7A6EFC1D304730007DF6BC /* Project object */;
}
